<?xml version="1.0" encoding="UTF-8"?>
<CONFIG>
  <ProjectOptions>
    <Version Value="11"/>
    <PathDelim Value="\"/>
    <General>
      <SessionStorage Value="InProjectDir"/>
      <MainUnit Value="0"/>
      <Title Value="PrjLazarus"/>
      <Scaled Value="True"/>
      <ResourceType Value="res"/>
      <UseXPManifest Value="True"/>
      <XPManifest>
        <DpiAware Value="True"/>
      </XPManifest>
      <Icon Value="0"/>
    </General>
    <VersionInfo>
      <UseVersionInfo Value="True"/>
      <MajorVersionNr Value="1"/>
      <Language Value="0416"/>
      <StringTable CompanyName="Next Solutions" InternalName="Lazarus" ProductName="Next Solutions"/>
    </VersionInfo>
    <BuildModes Count="1">
      <Item1 Name="Default" Default="True"/>
    </BuildModes>
    <PublishOptions>
      <Version Value="2"/>
      <UseFileFilters Value="True"/>
    </PublishOptions>
    <RunParams>
      <FormatVersion Value="2"/>
      <Modes Count="0"/>
    </RunParams>
    <RequiredPackages Count="7">
      <Item1>
        <PackageName Value="RunTimeTypeInfoControls"/>
      </Item1>
      <Item2>
        <PackageName Value="pascalscript"/>
      </Item2>
      <Item3>
        <PackageName Value="IDEIntf"/>
      </Item3>
      <Item4>
        <PackageName Value="TDI"/>
      </Item4>
      <Item5>
        <PackageName Value="zcomponent"/>
      </Item5>
      <Item6>
        <PackageName Value="FCL"/>
      </Item6>
      <Item7>
        <PackageName Value="LCL"/>
      </Item7>
    </RequiredPackages>
    <Units Count="10">
      <Unit0>
        <Filename Value="PrjLazarus.lpr"/>
        <IsPartOfProject Value="True"/>
      </Unit0>
      <Unit1>
        <Filename Value="Principal\untlogin.pas"/>
        <IsPartOfProject Value="True"/>
        <ComponentName Value="frmLogin"/>
        <HasResources Value="True"/>
        <ResourceBaseClass Value="Form"/>
        <UnitName Value="untLogin"/>
      </Unit1>
      <Unit2>
        <Filename Value="Principal\dmprincipal.pas"/>
        <IsPartOfProject Value="True"/>
        <ComponentName Value="dmPostgres"/>
        <HasResources Value="True"/>
        <ResourceBaseClass Value="DataModule"/>
        <UnitName Value="dmPrincipal"/>
      </Unit2>
      <Unit3>
        <Filename Value="Principal\untbase.pas"/>
        <IsPartOfProject Value="True"/>
        <ComponentName Value="frmBase"/>
        <HasResources Value="True"/>
        <ResourceBaseClass Value="Form"/>
        <UnitName Value="untBase"/>
      </Unit3>
      <Unit4>
        <Filename Value="Principal\untprincipal.pas"/>
        <IsPartOfProject Value="True"/>
        <ComponentName Value="frmPrincipal"/>
        <HasResources Value="True"/>
        <ResourceBaseClass Value="Form"/>
        <UnitName Value="untPrincipal"/>
      </Unit4>
      <Unit5>
        <Filename Value="Geral\untestado.pas"/>
        <IsPartOfProject Value="True"/>
        <ComponentName Value="frmEstado"/>
        <HasResources Value="True"/>
        <ResourceBaseClass Value="Form"/>
        <UnitName Value="untEstado"/>
      </Unit5>
      <Unit6>
        <Filename Value="Geral\untcidade.pas"/>
        <IsPartOfProject Value="True"/>
        <ComponentName Value="frmCidade"/>
        <HasResources Value="True"/>
        <ResourceBaseClass Value="Form"/>
        <UnitName Value="untCidade"/>
      </Unit6>
      <Unit7>
        <Filename Value="Geral\untcfop.pas"/>
        <IsPartOfProject Value="True"/>
        <ComponentName Value="frmCfop"/>
        <HasResources Value="True"/>
        <ResourceBaseClass Value="Form"/>
        <UnitName Value="untCfop"/>
      </Unit7>
      <Unit8>
        <Filename Value="Geral\untncm.pas"/>
        <IsPartOfProject Value="True"/>
        <ComponentName Value="frmNcm"/>
        <HasResources Value="True"/>
        <ResourceBaseClass Value="Form"/>
        <UnitName Value="untNcm"/>
      </Unit8>
      <Unit9>
        <Filename Value="Segurança\untgrupopermissao.pas"/>
        <IsPartOfProject Value="True"/>
        <ComponentName Value="frmGrupoPermissao"/>
        <HasResources Value="True"/>
        <ResourceBaseClass Value="Form"/>
        <UnitName Value="untGrupoPermissao"/>
      </Unit9>
    </Units>
  </ProjectOptions>
  <CompilerOptions>
    <Version Value="11"/>
    <PathDelim Value="\"/>
    <Target>
      <Filename Value="PrjLazarus"/>
    </Target>
    <SearchPaths>
      <IncludeFiles Value="$(ProjOutDir)"/>
      <OtherUnitFiles Value="Principal;Geral;Segurança"/>
      <UnitOutputDirectory Value="lib\$(TargetCPU)-$(TargetOS)"/>
    </SearchPaths>
    <Linking>
      <Options>
        <Win32>
          <GraphicApplication Value="True"/>
        </Win32>
      </Options>
    </Linking>
  </CompilerOptions>
  <Debugging>
    <Exceptions Count="3">
      <Item1>
        <Name Value="EAbort"/>
      </Item1>
      <Item2>
        <Name Value="ECodetoolError"/>
      </Item2>
      <Item3>
        <Name Value="EFOpenError"/>
      </Item3>
    </Exceptions>
  </Debugging>
</CONFIG>
